
Microsoft Visual Studio Solution File, Format Version 12.00
# Visual Studio Version 17
VisualStudioVersion = 17.13.35919.96 d17.13
MinimumVisualStudioVersion = 10.0.40219.1
Project("{8BC9CEB8-8B4A-11D0-8D11-00A0C91BC942}") = "HW6_BinarySearchTree", "HW6_BinarySearchTree\HW6_BinarySearchTree.vcxproj", "{14D68BDD-A0B2-4F9F-AB0A-E57433A78410}"
EndProject
Global
	GlobalSection(SolutionConfigurationPlatforms) = preSolution
		Debug|x64 = Debug|x64
		Debug|x86 = Debug|x86
		Release|x64 = Release|x64
		Release|x86 = Release|x86
	EndGlobalSection
	GlobalSection(ProjectConfigurationPlatforms) = postSolution
		{14D68BDD-A0B2-4F9F-AB0A-E57433A78410}.Debug|x64.ActiveCfg = Debug|x64
		{14D68BDD-A0B2-4F9F-AB0A-E57433A78410}.Debug|x64.Build.0 = Debug|x64
		{14D68BDD-A0B2-4F9F-AB0A-E57433A78410}.Debug|x86.ActiveCfg = Debug|Win32
		{14D68BDD-A0B2-4F9F-AB0A-E57433A78410}.Debug|x86.Build.0 = Debug|Win32
		{14D68BDD-A0B2-4F9F-AB0A-E57433A78410}.Release|x64.ActiveCfg = Release|x64
		{14D68BDD-A0B2-4F9F-AB0A-E57433A78410}.Release|x64.Build.0 = Release|x64
		{14D68BDD-A0B2-4F9F-AB0A-E57433A78410}.Release|x86.ActiveCfg = Release|Win32
		{14D68BDD-A0B2-4F9F-AB0A-E57433A78410}.Release|x86.Build.0 = Release|Win32
	EndGlobalSection
	GlobalSection(SolutionProperties) = preSolution
		HideSolutionNode = FALSE
	EndGlobalSection
	GlobalSection(ExtensibilityGlobals) = postSolution
		SolutionGuid = {11C8B51D-9C8C-4490-9473-E450C2C3EC48}
	EndGlobalSection
EndGlobal
