
Microsoft Visual Studio Solution File, Format Version 12.00
# Visual Studio Version 17
VisualStudioVersion = 17.13.35919.96 d17.13
MinimumVisualStudioVersion = 10.0.40219.1
Project("{8BC9CEB8-8B4A-11D0-8D11-00A0C91BC942}") = "HW5_LinkedList", "HW5_LinkedList\HW5_LinkedList.vcxproj", "{62A21E31-4EF4-4C55-9A11-EC42DF634179}"
EndProject
Global
	GlobalSection(SolutionConfigurationPlatforms) = preSolution
		Debug|x64 = Debug|x64
		Debug|x86 = Debug|x86
		Release|x64 = Release|x64
		Release|x86 = Release|x86
	EndGlobalSection
	GlobalSection(ProjectConfigurationPlatforms) = postSolution
		{62A21E31-4EF4-4C55-9A11-EC42DF634179}.Debug|x64.ActiveCfg = Debug|x64
		{62A21E31-4EF4-4C55-9A11-EC42DF634179}.Debug|x64.Build.0 = Debug|x64
		{62A21E31-4EF4-4C55-9A11-EC42DF634179}.Debug|x86.ActiveCfg = Debug|Win32
		{62A21E31-4EF4-4C55-9A11-EC42DF634179}.Debug|x86.Build.0 = Debug|Win32
		{62A21E31-4EF4-4C55-9A11-EC42DF634179}.Release|x64.ActiveCfg = Release|x64
		{62A21E31-4EF4-4C55-9A11-EC42DF634179}.Release|x64.Build.0 = Release|x64
		{62A21E31-4EF4-4C55-9A11-EC42DF634179}.Release|x86.ActiveCfg = Release|Win32
		{62A21E31-4EF4-4C55-9A11-EC42DF634179}.Release|x86.Build.0 = Release|Win32
	EndGlobalSection
	GlobalSection(SolutionProperties) = preSolution
		HideSolutionNode = FALSE
	EndGlobalSection
	GlobalSection(ExtensibilityGlobals) = postSolution
		SolutionGuid = {D9ED31E6-73D3-479D-9602-302F7DE8180B}
	EndGlobalSection
EndGlobal
